
Microsoft Visual Studio Solution File, Format Version 12.00
# Visual Studio Version 17
VisualStudioVersion = 17.13.35919.96 d17.13
MinimumVisualStudioVersion = 10.0.40219.1
Project("{FAE04EC0-301F-11D3-BF4B-00C04F79EFBC}") = "BulkyWeb", "BulkyWeb\BulkyWeb.csproj", "{545AB02A-3508-47A1-9D79-63E7FB3EFBD8}"
EndProject
Global
	GlobalSection(SolutionConfigurationPlatforms) = preSolution
		Debug|Any CPU = Debug|Any CPU
		Release|Any CPU = Release|Any CPU
	EndGlobalSection
	GlobalSection(ProjectConfigurationPlatforms) = postSolution
		{545AB02A-3508-47A1-9D79-63E7FB3EFBD8}.Debug|Any CPU.ActiveCfg = Debug|Any CPU
		{545AB02A-3508-47A1-9D79-63E7FB3EFBD8}.Debug|Any CPU.Build.0 = Debug|Any CPU
		{545AB02A-3508-47A1-9D79-63E7FB3EFBD8}.Release|Any CPU.ActiveCfg = Release|Any CPU
		{545AB02A-3508-47A1-9D79-63E7FB3EFBD8}.Release|Any CPU.Build.0 = Release|Any CPU
	EndGlobalSection
	GlobalSection(SolutionProperties) = preSolution
		HideSolutionNode = FALSE
	EndGlobalSection
	GlobalSection(ExtensibilityGlobals) = postSolution
		SolutionGuid = {83463ECE-16D8-4F06-8AF7-CD67BCF3BEF7}
	EndGlobalSection
EndGlobal
